
Microsoft Visual Studio Solution File, Format Version 12.00
# Visual Studio 15
VisualStudioVersion = 15.0.27130.2010
MinimumVisualStudioVersion = 10.0.40219.1
Project("{FAE04EC0-301F-11D3-BF4B-00C04F79EFBC}") = "WebsocketSubscriber", "WebsocketSubscriber\WebsocketSubscriber.csproj", "{C5407D06-7E9D-427F-8D07-172AF4604772}"
EndProject
Global
	GlobalSection(SolutionConfigurationPlatforms) = preSolution
		Debug|Any CPU = Debug|Any CPU
		Release|Any CPU = Release|Any CPU
	EndGlobalSection
	GlobalSection(ProjectConfigurationPlatforms) = postSolution
		{C5407D06-7E9D-427F-8D07-172AF4604772}.Debug|Any CPU.ActiveCfg = Debug|Any CPU
		{C5407D06-7E9D-427F-8D07-172AF4604772}.Debug|Any CPU.Build.0 = Debug|Any CPU
		{C5407D06-7E9D-427F-8D07-172AF4604772}.Release|Any CPU.ActiveCfg = Release|Any CPU
		{C5407D06-7E9D-427F-8D07-172AF4604772}.Release|Any CPU.Build.0 = Release|Any CPU
	EndGlobalSection
	GlobalSection(SolutionProperties) = preSolution
		HideSolutionNode = FALSE
	EndGlobalSection
	GlobalSection(ExtensibilityGlobals) = postSolution
		SolutionGuid = {EDDC969A-5A01-4091-B84D-901E2E1E8177}
	EndGlobalSection
EndGlobal
